{
  "name": "diplom2",
  "lockfileVersion": 3,
  "requires": true,
  "packages": {
    "": {
      "dependencies": {
        "@yandex/ymaps3-default-ui-theme": "^0.0.16"
      }
    },
    "node_modules/@yandex/ymaps3-default-ui-theme": {
      "version": "0.0.16",
      "resolved": "https://registry.npmjs.org/@yandex/ymaps3-default-ui-theme/-/ymaps3-default-ui-theme-0.0.16.tgz",
      "integrity": "sha512-g9yEY4YiTCQb0hHasADW8UrgdYntM6eAN6VdCChu0wHctIEdi8RShpMpsD0cD7C6h1E4QKfG/tub3BstMkZBMw==",
      "license": "Apache-2"
    }
  }
}
